
Microsoft Visual Studio Solution File, Format Version 12.00
# Visual Studio 15
VisualStudioVersion = 15.0.27130.2027
MinimumVisualStudioVersion = 10.0.40219.1
Project("{FAE04EC0-301F-11D3-BF4B-00C04F79EFBC}") = "MyBooks.WebApp", "MyBooks.WebApp\MyBooks.WebApp.csproj", "{1A14D73B-8FF7-44E5-9FE2-54816A6E0C89}"
EndProject
Global
	GlobalSection(SolutionConfigurationPlatforms) = preSolution
		Debug|Any CPU = Debug|Any CPU
		Release|Any CPU = Release|Any CPU
	EndGlobalSection
	GlobalSection(ProjectConfigurationPlatforms) = postSolution
		{1A14D73B-8FF7-44E5-9FE2-54816A6E0C89}.Debug|Any CPU.ActiveCfg = Debug|Any CPU
		{1A14D73B-8FF7-44E5-9FE2-54816A6E0C89}.Debug|Any CPU.Build.0 = Debug|Any CPU
		{1A14D73B-8FF7-44E5-9FE2-54816A6E0C89}.Release|Any CPU.ActiveCfg = Release|Any CPU
		{1A14D73B-8FF7-44E5-9FE2-54816A6E0C89}.Release|Any CPU.Build.0 = Release|Any CPU
	EndGlobalSection
	GlobalSection(SolutionProperties) = preSolution
		HideSolutionNode = FALSE
	EndGlobalSection
	GlobalSection(ExtensibilityGlobals) = postSolution
		SolutionGuid = {ECD91A5E-6A00-4E4F-BE8D-06D438775D82}
	EndGlobalSection
EndGlobal
